Microsoft Visual Studio Solution File, Format Version 11.00
# Visual Studio 2008

Project("{D418F2B7-A6E6-E47C-0C0D-57191EE68C1E}") = "Chess Battle", "Assembly-CSharp.csproj", "{7F855376-9CF9-5458-9D2E-19EE5FB45AA8}"
EndProject
Global
	GlobalSection(SolutionConfigurationPlatforms) = preSolution
		Debug|Any CPU = Debug|Any CPU
		Release|Any CPU = Release|Any CPU
	EndGlobalSection
	GlobalSection(ProjectConfigurationPlatforms) = postSolution
		{7F855376-9CF9-5458-9D2E-19EE5FB45AA8}.Debug|Any CPU.ActiveCfg = Debug|Any CPU
		{7F855376-9CF9-5458-9D2E-19EE5FB45AA8}.Debug|Any CPU.Build.0 = Debug|Any CPU
		{7F855376-9CF9-5458-9D2E-19EE5FB45AA8}.Release|Any CPU.ActiveCfg = Release|Any CPU
		{7F855376-9CF9-5458-9D2E-19EE5FB45AA8}.Release|Any CPU.Build.0 = Release|Any CPU
	EndGlobalSection
	GlobalSection(SolutionProperties) = preSolution
		HideSolutionNode = FALSE
	EndGlobalSection
							GlobalSection(MonoDevelopProperties) = preSolution
		StartupItem = Assembly-CSharp.csproj
		Policies = $0
		$0.TextStylePolicy = $1
		$1.inheritsSet = null
		$1.scope = text/x-csharp
		$0.CSharpFormattingPolicy = $2
		$2.inheritsSet = Mono
		$2.inheritsScope = text/x-csharp
		$2.scope = text/x-csharp
		$0.TextStylePolicy = $3
		$3.FileWidth = 120
		$3.TabWidth = 4
		$3.EolMarker = Unix
		$3.inheritsSet = Mono
		$3.inheritsScope = text/plain
		$3.scope = text/plain
	EndGlobalSection

EndGlobal
